{
  "name": "auto_post_dashboard",
  "version": "1.0.0",
  "lockfileVersion": 3,
  "requires": true,
  "packages": {
    "": {
      "name": "auto_post_dashboard",
      "version": "1.0.0",
      "license": "ISC",
      "dependencies": {
        "cors": "^2.8.5",
        "express": "^4.21.2",
        "fs-extra": "^11.1.1",
        "node-fetch": "^3.3.2",
        "sharp": "^0.33.2",
        "simple-git": "^3.19.1"
      }
    }
  },
  "dependencies": {
    "cors": {
      "version": "2.8.5",
      "resolved": "https://registry.npmjs.org/cors/-/cors-2.8.5.tgz",
      "integrity": "sha512-XBO6+nL62G8BVzJG00G5bGcU9u4tbmFYoOeUtDML5DbKvpcTobMJ3cV/1Yxmc36R4spD20xYfIhJQ9C0WvRHdg=="
    },
    "express": {
      "version": "4.21.2",
      "resolved": "https://registry.npmjs.org/express/-/express-4.21.2.tgz",
      "integrity": "sha512-OfjUu+6Pv1rFImxNU+4nZ3XYIIMwvfInQKcrErEChM7t9YCU+E3jMH+yAIdE0Gi+8aFAvZyObGlY7DE5IULe9g=="
    },
    "fs-extra": {
      "version": "11.1.1",
      "resolved": "https://registry.npmjs.org/fs-extra/-/fs-extra-11.1.1.tgz",
      "integrity": "sha512-tTV20s9D1JcMsByKM3z5k0thI0umhvHX+n6Ae1CaaXx53lvGeOroHog4ISqDPdEYd7kCRAZyi0x/YUEjJvNmtA=="
    },
    "node-fetch": {
      "version": "3.3.2",
      "resolved": "https://registry.npmjs.org/node-fetch/-/node-fetch-3.3.2.tgz",
      "integrity": "sha512-2kcQvHYM9sYyLOusEU7VGHbZrzjjMDtKKnQMTmZtKrX9GC9z38v+X9YvS9z8Ay7l3D77pN5fkl6VhrccYWiUXg=="
    },
    "sharp": {
      "version": "0.33.2",
      "resolved": "https://registry.npmjs.org/sharp/-/sharp-0.33.2.tgz",
      "integrity": "sha512-+DKJ2mMI9VqUehUo1DN+PeiwH8m8wknpPPZ8ojEWSik84koH1wIlHuVW4BpnMWbR4GMnR45tdmlz+gXJwRxpcQ=="
    },
    "simple-git": {
      "version": "3.19.1",
      "resolved": "https://registry.npmjs.org/simple-git/-/simple-git-3.19.1.tgz",
      "integrity": "sha512-VWs8UwCwZlJ0u6LY38mfzH4gcWxfsrb1obWXHc8dFXy0eTHiM+tZ6sXDozUGsviyzqQu22fWh4CTC07lVKXShg=="
    }
  }
}
